
Microsoft Visual Studio Solution File, Format Version 12.00
# Visual Studio Version 17
VisualStudioVersion = 17.7.34202.233
MinimumVisualStudioVersion = 10.0.40219.1
Project("{FAE04EC0-301F-11D3-BF4B-00C04F79EFBC}") = "Gamificacion_API", "Gamificacion_API\Gamificacion_API.csproj", "{ACF4B6DB-DDE5-494C-98D9-04AEAB33A3B4}"
EndProject
Global
	GlobalSection(SolutionConfigurationPlatforms) = preSolution
		Debug|Any CPU = Debug|Any CPU
		Release|Any CPU = Release|Any CPU
	EndGlobalSection
	GlobalSection(ProjectConfigurationPlatforms) = postSolution
		{ACF4B6DB-DDE5-494C-98D9-04AEAB33A3B4}.Debug|Any CPU.ActiveCfg = Debug|Any CPU
		{ACF4B6DB-DDE5-494C-98D9-04AEAB33A3B4}.Debug|Any CPU.Build.0 = Debug|Any CPU
		{ACF4B6DB-DDE5-494C-98D9-04AEAB33A3B4}.Release|Any CPU.ActiveCfg = Release|Any CPU
		{ACF4B6DB-DDE5-494C-98D9-04AEAB33A3B4}.Release|Any CPU.Build.0 = Release|Any CPU
	EndGlobalSection
	GlobalSection(SolutionProperties) = preSolution
		HideSolutionNode = FALSE
	EndGlobalSection
	GlobalSection(ExtensibilityGlobals) = postSolution
		SolutionGuid = {4B2CBE48-23FA-4861-B728-62820A555C7D}
	EndGlobalSection
EndGlobal
